
Microsoft Visual Studio Solution File, Format Version 12.00
# Visual Studio Version 17
VisualStudioVersion = 17.8.34309.116
MinimumVisualStudioVersion = 10.0.40219.1
Project("{9A19103F-16F7-4668-BE54-9A1E7A4F7556}") = "IdentityService", "IdentityService\IdentityService.csproj", "{F8E59CAA-5B36-42C1-875B-E88A3F7A0B7E}"
EndProject
Project("{E53339B2-1760-4266-BCC7-CA923CBCF16C}") = "docker-compose", "docker-compose.dcproj", "{6EAEB6F9-80F9-49CD-839D-D14EC75135EB}"
EndProject
Global
	GlobalSection(SolutionConfigurationPlatforms) = preSolution
		Debug|Any CPU = Debug|Any CPU
		Release|Any CPU = Release|Any CPU
	EndGlobalSection
	GlobalSection(ProjectConfigurationPlatforms) = postSolution
		{F8E59CAA-5B36-42C1-875B-E88A3F7A0B7E}.Debug|Any CPU.ActiveCfg = Debug|Any CPU
		{F8E59CAA-5B36-42C1-875B-E88A3F7A0B7E}.Debug|Any CPU.Build.0 = Debug|Any CPU
		{F8E59CAA-5B36-42C1-875B-E88A3F7A0B7E}.Release|Any CPU.ActiveCfg = Release|Any CPU
		{F8E59CAA-5B36-42C1-875B-E88A3F7A0B7E}.Release|Any CPU.Build.0 = Release|Any CPU
		{6EAEB6F9-80F9-49CD-839D-D14EC75135EB}.Debug|Any CPU.ActiveCfg = Debug|Any CPU
		{6EAEB6F9-80F9-49CD-839D-D14EC75135EB}.Debug|Any CPU.Build.0 = Debug|Any CPU
		{6EAEB6F9-80F9-49CD-839D-D14EC75135EB}.Release|Any CPU.ActiveCfg = Release|Any CPU
		{6EAEB6F9-80F9-49CD-839D-D14EC75135EB}.Release|Any CPU.Build.0 = Release|Any CPU
	EndGlobalSection
	GlobalSection(SolutionProperties) = preSolution
		HideSolutionNode = FALSE
	EndGlobalSection
	GlobalSection(ExtensibilityGlobals) = postSolution
		SolutionGuid = {AB6DA894-1884-4B12-9643-EB3DFC04ECC5}
	EndGlobalSection
EndGlobal
